// !$*UTF8*$!
{
	archiveVersion = 1;
	classes = {
	};
	objectVersion = 46;
	objects = {

/* Begin PBXBuildFile section */
		933F923D1E73830E00B18DEB /* slider_Board.cpp in Sources */ = {isa = PBXBuildFile; fileRef = 933F923C1E73830E00B18DEB /* slider_Board.cpp */; };
		933F92401E73859600B18DEB /* sliderai_functions.cpp in Sources */ = {isa = PBXBuildFile; fileRef = 933F923E1E73859600B18DEB /* sliderai_functions.cpp */; };
		DC41E4A41E5C03BC0080DFB3 /* main.cpp in Sources */ = {isa = PBXBuildFile; fileRef = DC41E4A31E5C03BC0080DFB3 /* main.cpp */; };
		DCAF80701E770E76003E8F87 /* raylib_implementation.cpp in Sources */ = {isa = PBXBuildFile; fileRef = DCAF806E1E770E76003E8F87 /* raylib_implementation.cpp */; };
/* End PBXBuildFile section */

/* Begin PBXCopyFilesBuildPhase section */
		DC41E49E1E5C03BC0080DFB3 /* CopyFiles */ = {
			isa = PBXCopyFilesBuildPhase;
			buildActionMask = 2147483647;
			dstPath = /usr/share/man/man1/;
			dstSubfolderSpec = 0;
			files = (
			);
			runOnlyForDeploymentPostprocessing = 1;
		};
/* End PBXCopyFilesBuildPhase section */

/* Begin PBXFileReference section */
		933F923B1E7382F300B18DEB /* slider_Board.h */ = {isa = PBXFileReference; lastKnownFileType = sourcecode.c.h; path = slider_Board.h; sourceTree = "<group>"; };
		933F923C1E73830E00B18DEB /* slider_Board.cpp */ = {isa = PBXFileReference; fileEncoding = 4; lastKnownFileType = sourcecode.cpp.cpp; path = slider_Board.cpp; sourceTree = "<group>"; };
		933F923E1E73859600B18DEB /* sliderai_functions.cpp */ = {isa = PBXFileReference; fileEncoding = 4; lastKnownFileType = sourcecode.cpp.cpp; path = sliderai_functions.cpp; sourceTree = "<group>"; };
		933F923F1E73859600B18DEB /* sliderai_functions.h */ = {isa = PBXFileReference; fileEncoding = 4; lastKnownFileType = sourcecode.c.h; path = sliderai_functions.h; sourceTree = "<group>"; };
		DC41E4A01E5C03BC0080DFB3 /* SliderAI.exe */ = {isa = PBXFileReference; explicitFileType = "compiled.mach-o.executable"; includeInIndex = 0; path = SliderAI.exe; sourceTree = BUILT_PRODUCTS_DIR; };
		DC41E4A31E5C03BC0080DFB3 /* main.cpp */ = {isa = PBXFileReference; lastKnownFileType = sourcecode.cpp.cpp; path = main.cpp; sourceTree = "<group>"; };
		DCAF806E1E770E76003E8F87 /* raylib_implementation.cpp */ = {isa = PBXFileReference; fileEncoding = 4; lastKnownFileType = sourcecode.cpp.cpp; path = raylib_implementation.cpp; sourceTree = "<group>"; };
		DCAF806F1E770E76003E8F87 /* raylib_implementation.h */ = {isa = PBXFileReference; fileEncoding = 4; lastKnownFileType = sourcecode.c.h; path = raylib_implementation.h; sourceTree = "<group>"; };
/* End PBXFileReference section */

/* Begin PBXFrameworksBuildPhase section */
		DC41E49D1E5C03BC0080DFB3 /* Frameworks */ = {
			isa = PBXFrameworksBuildPhase;
			buildActionMask = 2147483647;
			files = (
			);
			runOnlyForDeploymentPostprocessing = 0;
		};
/* End PBXFrameworksBuildPhase section */

/* Begin PBXGroup section */
		DC41E4971E5C03BC0080DFB3 = {
			isa = PBXGroup;
			children = (
				DC41E4A21E5C03BC0080DFB3 /* SliderAI */,
				DC41E4A11E5C03BC0080DFB3 /* Products */,
			);
			sourceTree = "<group>";
		};
		DC41E4A11E5C03BC0080DFB3 /* Products */ = {
			isa = PBXGroup;
			children = (
				DC41E4A01E5C03BC0080DFB3 /* SliderAI.exe */,
			);
			name = Products;
			sourceTree = "<group>";
		};
		DC41E4A21E5C03BC0080DFB3 /* SliderAI */ = {
			isa = PBXGroup;
			children = (
				DC41E4A31E5C03BC0080DFB3 /* main.cpp */,
				933F923B1E7382F300B18DEB /* slider_Board.h */,
				933F923C1E73830E00B18DEB /* slider_Board.cpp */,
				933F923E1E73859600B18DEB /* sliderai_functions.cpp */,
				DCAF806E1E770E76003E8F87 /* raylib_implementation.cpp */,
				DCAF806F1E770E76003E8F87 /* raylib_implementation.h */,
				933F923F1E73859600B18DEB /* sliderai_functions.h */,
			);
			path = SliderAI;
			sourceTree = "<group>";
		};
/* End PBXGroup section */

/* Begin PBXNativeTarget section */
		DC41E49F1E5C03BC0080DFB3 /* SliderAI */ = {
			isa = PBXNativeTarget;
			buildConfigurationList = DC41E4A71E5C03BC0080DFB3 /* Build configuration list for PBXNativeTarget "SliderAI" */;
			buildPhases = (
				DC41E49C1E5C03BC0080DFB3 /* Sources */,
				DC41E49D1E5C03BC0080DFB3 /* Frameworks */,
				DC41E49E1E5C03BC0080DFB3 /* CopyFiles */,
			);
			buildRules = (
			);
			dependencies = (
			);
			name = SliderAI;
			productName = SliderAI;
			productReference = DC41E4A01E5C03BC0080DFB3 /* SliderAI.exe */;
			productType = "com.apple.product-type.tool";
		};
/* End PBXNativeTarget section */

/* Begin PBXProject section */
		DC41E4981E5C03BC0080DFB3 /* Project object */ = {
			isa = PBXProject;
			attributes = {
				LastUpgradeCheck = 0820;
				ORGANIZATIONNAME = Stephen;
				TargetAttributes = {
					DC41E49F1E5C03BC0080DFB3 = {
						CreatedOnToolsVersion = 8.2.1;
						DevelopmentTeam = QLANSS4ZCP;
						ProvisioningStyle = Automatic;
					};
				};
			};
			buildConfigurationList = DC41E49B1E5C03BC0080DFB3 /* Build configuration list for PBXProject "SliderAI.exe" */;
			compatibilityVersion = "Xcode 3.2";
			developmentRegion = English;
			hasScannedForEncodings = 0;
			knownRegions = (
				en,
			);
			mainGroup = DC41E4971E5C03BC0080DFB3;
			productRefGroup = DC41E4A11E5C03BC0080DFB3 /* Products */;
			projectDirPath = "";
			projectRoot = "";
			targets = (
				DC41E49F1E5C03BC0080DFB3 /* SliderAI */,
			);
		};
/* End PBXProject section */

/* Begin PBXSourcesBuildPhase section */
		DC41E49C1E5C03BC0080DFB3 /* Sources */ = {
			isa = PBXSourcesBuildPhase;
			buildActionMask = 2147483647;
			files = (
				933F92401E73859600B18DEB /* sliderai_functions.cpp in Sources */,
				DC41E4A41E5C03BC0080DFB3 /* main.cpp in Sources */,
				DCAF80701E770E76003E8F87 /* raylib_implementation.cpp in Sources */,
				933F923D1E73830E00B18DEB /* slider_Board.cpp in Sources */,
			);
			runOnlyForDeploymentPostprocessing = 0;
		};
/* End PBXSourcesBuildPhase section */

/* Begin XCBuildConfiguration section */
		DC41E4A51E5C03BC0080DFB3 /* Debug */ = {
			isa = XCBuildConfiguration;
			buildSettings = {
				ALWAYS_SEARCH_USER_PATHS = NO;
				CLANG_ANALYZER_NONNULL = YES;
				CLANG_CXX_LANGUAGE_STANDARD = "gnu++0x";
				CLANG_CXX_LIBRARY = "libc++";
				CLANG_ENABLE_MODULES = YES;
				CLANG_ENABLE_OBJC_ARC = YES;
				CLANG_WARN_BOOL_CONVERSION = YES;
				CLANG_WARN_CONSTANT_CONVERSION = YES;
				CLANG_WARN_DIRECT_OBJC_ISA_USAGE = YES_ERROR;
				CLANG_WARN_DOCUMENTATION_COMMENTS = YES;
				CLANG_WARN_EMPTY_BODY = YES;
				CLANG_WARN_ENUM_CONVERSION = YES;
				CLANG_WARN_INFINITE_RECURSION = YES;
				CLANG_WARN_INT_CONVERSION = YES;
				CLANG_WARN_OBJC_ROOT_CLASS = YES_ERROR;
				CLANG_WARN_SUSPICIOUS_MOVE = YES;
				CLANG_WARN_UNREACHABLE_CODE = YES;
				CLANG_WARN__DUPLICATE_METHOD_MATCH = YES;
				CODE_SIGN_IDENTITY = "-";
				COPY_PHASE_STRIP = NO;
				DEBUG_INFORMATION_FORMAT = dwarf;
				ENABLE_STRICT_OBJC_MSGSEND = YES;
				ENABLE_TESTABILITY = YES;
				GCC_C_LANGUAGE_STANDARD = gnu99;
				GCC_DYNAMIC_NO_PIC = NO;
				GCC_NO_COMMON_BLOCKS = YES;
				GCC_OPTIMIZATION_LEVEL = 0;
				GCC_PREPROCESSOR_DEFINITIONS = (
					"DEBUG=1",
					"$(inherited)",
				);
				GCC_WARN_64_TO_32_BIT_CONVERSION = YES;
				GCC_WARN_ABOUT_RETURN_TYPE = YES_ERROR;
				GCC_WARN_UNDECLARED_SELECTOR = YES;
				GCC_WARN_UNINITIALIZED_AUTOS = YES_AGGRESSIVE;
				GCC_WARN_UNUSED_FUNCTION = YES;
				GCC_WARN_UNUSED_VARIABLE = YES;
				MACOSX_DEPLOYMENT_TARGET = 10.12;
				MTL_ENABLE_DEBUG_INFO = YES;
				ONLY_ACTIVE_ARCH = YES;
				SDKROOT = macosx;
			};
			name = Debug;
		};
		DC41E4A61E5C03BC0080DFB3 /* Release */ = {
			isa = XCBuildConfiguration;
			buildSettings = {
				ALWAYS_SEARCH_USER_PATHS = NO;
				CLANG_ANALYZER_NONNULL = YES;
				CLANG_CXX_LANGUAGE_STANDARD = "gnu++0x";
				CLANG_CXX_LIBRARY = "libc++";
				CLANG_ENABLE_MODULES = YES;
				CLANG_ENABLE_OBJC_ARC = YES;
				CLANG_WARN_BOOL_CONVERSION = YES;
				CLANG_WARN_CONSTANT_CONVERSION = YES;
				CLANG_WARN_DIRECT_OBJC_ISA_USAGE = YES_ERROR;
				CLANG_WARN_DOCUMENTATION_COMMENTS = YES;
				CLANG_WARN_EMPTY_BODY = YES;
				CLANG_WARN_ENUM_CONVERSION = YES;
				CLANG_WARN_INFINITE_RECURSION = YES;
				CLANG_WARN_INT_CONVERSION = YES;
				CLANG_WARN_OBJC_ROOT_CLASS = YES_ERROR;
				CLANG_WARN_SUSPICIOUS_MOVE = YES;
				CLANG_WARN_UNREACHABLE_CODE = YES;
				CLANG_WARN__DUPLICATE_METHOD_MATCH = YES;
				CODE_SIGN_IDENTITY = "-";
				COPY_PHASE_STRIP = NO;
				DEBUG_INFORMATION_FORMAT = "dwarf-with-dsym";
				ENABLE_NS_ASSERTIONS = NO;
				ENABLE_STRICT_OBJC_MSGSEND = YES;
				GCC_C_LANGUAGE_STANDARD = gnu99;
				GCC_NO_COMMON_BLOCKS = YES;
				GCC_WARN_64_TO_32_BIT_CONVERSION = YES;
				GCC_WARN_ABOUT_RETURN_TYPE = YES_ERROR;
				GCC_WARN_UNDECLARED_SELECTOR = YES;
				GCC_WARN_UNINITIALIZED_AUTOS = YES_AGGRESSIVE;
				GCC_WARN_UNUSED_FUNCTION = YES;
				GCC_WARN_UNUSED_VARIABLE = YES;
				MACOSX_DEPLOYMENT_TARGET = 10.12;
				MTL_ENABLE_DEBUG_INFO = NO;
				SDKROOT = macosx;
			};
			name = Release;
		};
		DC41E4A81E5C03BC0080DFB3 /* Debug */ = {
			isa = XCBuildConfiguration;
			buildSettings = {
				DEVELOPMENT_TEAM = QLANSS4ZCP;
				MACOSX_DEPLOYMENT_TARGET = 10.9;
				PRODUCT_NAME = "$(TARGET_NAME).exe";
			};
			name = Debug;
		};
		DC41E4A91E5C03BC0080DFB3 /* Release */ = {
			isa = XCBuildConfiguration;
			buildSettings = {
				DEVELOPMENT_TEAM = QLANSS4ZCP;
				MACOSX_DEPLOYMENT_TARGET = 10.9;
				PRODUCT_NAME = "$(TARGET_NAME).exe";
			};
			name = Release;
		};
/* End XCBuildConfiguration section */

/* Begin XCConfigurationList section */
		DC41E49B1E5C03BC0080DFB3 /* Build configuration list for PBXProject "SliderAI.exe" */ = {
			isa = XCConfigurationList;
			buildConfigurations = (
				DC41E4A51E5C03BC0080DFB3 /* Debug */,
				DC41E4A61E5C03BC0080DFB3 /* Release */,
			);
			defaultConfigurationIsVisible = 0;
			defaultConfigurationName = Release;
		};
		DC41E4A71E5C03BC0080DFB3 /* Build configuration list for PBXNativeTarget "SliderAI" */ = {
			isa = XCConfigurationList;
			buildConfigurations = (
				DC41E4A81E5C03BC0080DFB3 /* Debug */,
				DC41E4A91E5C03BC0080DFB3 /* Release */,
			);
			defaultConfigurationIsVisible = 0;
			defaultConfigurationName = Release;
		};
/* End XCConfigurationList section */
	};
	rootObject = DC41E4981E5C03BC0080DFB3 /* Project object */;
}
